
Microsoft Visual Studio Solution File, Format Version 12.00
# Visual Studio Version 17
VisualStudioVersion = 17.14.36518.9 d17.14
MinimumVisualStudioVersion = 10.0.40219.1
Project("{FAE04EC0-301F-11D3-BF4B-00C04F79EFBC}") = "FP2025", "FP2025\FP2025.csproj", "{60809E11-0C4D-44F6-819D-134F5F336883}"
EndProject
Global
	GlobalSection(SolutionConfigurationPlatforms) = preSolution
		Debug|Any CPU = Debug|Any CPU
		Release|Any CPU = Release|Any CPU
	EndGlobalSection
	GlobalSection(ProjectConfigurationPlatforms) = postSolution
		{60809E11-0C4D-44F6-819D-134F5F336883}.Debug|Any CPU.ActiveCfg = Debug|Any CPU
		{60809E11-0C4D-44F6-819D-134F5F336883}.Debug|Any CPU.Build.0 = Debug|Any CPU
		{60809E11-0C4D-44F6-819D-134F5F336883}.Release|Any CPU.ActiveCfg = Release|Any CPU
		{60809E11-0C4D-44F6-819D-134F5F336883}.Release|Any CPU.Build.0 = Release|Any CPU
	EndGlobalSection
	GlobalSection(SolutionProperties) = preSolution
		HideSolutionNode = FALSE
	EndGlobalSection
	GlobalSection(ExtensibilityGlobals) = postSolution
		SolutionGuid = {BD757F8F-00F9-4319-9276-25C6AD801CD8}
	EndGlobalSection
EndGlobal
