
Microsoft Visual Studio Solution File, Format Version 12.00
# Visual Studio Version 17
VisualStudioVersion = 17.14.36518.9 d17.14
MinimumVisualStudioVersion = 10.0.40219.1
Project("{FAE04EC0-301F-11D3-BF4B-00C04F79EFBC}") = "1028", "1028\1028.csproj", "{690F4FE5-9B25-4C34-BF31-485720F46DEE}"
EndProject
Global
	GlobalSection(SolutionConfigurationPlatforms) = preSolution
		Debug|Any CPU = Debug|Any CPU
		Release|Any CPU = Release|Any CPU
	EndGlobalSection
	GlobalSection(ProjectConfigurationPlatforms) = postSolution
		{690F4FE5-9B25-4C34-BF31-485720F46DEE}.Debug|Any CPU.ActiveCfg = Debug|Any CPU
		{690F4FE5-9B25-4C34-BF31-485720F46DEE}.Debug|Any CPU.Build.0 = Debug|Any CPU
		{690F4FE5-9B25-4C34-BF31-485720F46DEE}.Release|Any CPU.ActiveCfg = Release|Any CPU
		{690F4FE5-9B25-4C34-BF31-485720F46DEE}.Release|Any CPU.Build.0 = Release|Any CPU
	EndGlobalSection
	GlobalSection(SolutionProperties) = preSolution
		HideSolutionNode = FALSE
	EndGlobalSection
	GlobalSection(ExtensibilityGlobals) = postSolution
		SolutionGuid = {30C106B1-81F3-4273-A133-96925055B088}
	EndGlobalSection
EndGlobal
